
Microsoft Visual Studio Solution File, Format Version 12.00
# Visual Studio 15
VisualStudioVersion = 15.0.26430.13
MinimumVisualStudioVersion = 10.0.40219.1
Project("{FAE04EC0-301F-11D3-BF4B-00C04F79EFBC}") = "Daramkun.DaramRenamer", "Daramkun.DaramRenamer\Daramkun.DaramRenamer.csproj", "{E18BB4A0-AC41-48F2-8940-427B5F7F93AC}"
EndProject
Project("{2150E333-8FDC-42A3-9474-1A3956D46DE8}") = "Daram Renamer", "Daram Renamer", "{7CA1A390-CF80-4277-8A2B-80C8FC069517}"
	ProjectSection(SolutionItems) = preProject
		README.md = README.md
	EndProjectSection
EndProject
Project("{2150E333-8FDC-42A3-9474-1A3956D46DE8}") = "External Libraries", "External Libraries", "{D1B29789-6386-4C11-8E17-1B4246972CD4}"
EndProject
Project("{FAE04EC0-301F-11D3-BF4B-00C04F79EFBC}") = "TaskDialog", "..\WPF-Task-Dialog\TaskDialog\TaskDialog.csproj", "{37FD53F7-8A8F-4427-8FF4-6299E2933A7E}"
EndProject
Project("{FAE04EC0-301F-11D3-BF4B-00C04F79EFBC}") = "Daramee.DaramCommonLib", "..\DaramCommonLib\Daramee.DaramCommonLib\Daramee.DaramCommonLib.csproj", "{B33B6A90-7CD7-4351-B32E-FC0102984180}"
EndProject
Project("{9A19103F-16F7-4668-BE54-9A1E7A4F7556}") = "Daramee.FileTypeDetector", "..\FileTypeDetector\Daramee.FileTypeDetector\Daramee.FileTypeDetector.csproj", "{9D610C25-94EE-4D2A-BB36-3AFB988B243E}"
EndProject
Project("{9A19103F-16F7-4668-BE54-9A1E7A4F7556}") = "taglib-sharp", "..\taglib-sharp\src\taglib-sharp.csproj", "{194EC2B7-C208-46E6-A45B-B0B4F41234B7}"
EndProject
Project("{FAE04EC0-301F-11D3-BF4B-00C04F79EFBC}") = "Daramkun.DaramRenamer.Engine", "Daramkun.DaramRenamer.Engine\Daramkun.DaramRenamer.Engine.csproj", "{387C59A9-953D-4260-AD9A-105834D6876F}"
EndProject
Global
	GlobalSection(SolutionConfigurationPlatforms) = preSolution
		Debug|Any CPU = Debug|Any CPU
		Release|Any CPU = Release|Any CPU
	EndGlobalSection
	GlobalSection(ProjectConfigurationPlatforms) = postSolution
		{E18BB4A0-AC41-48F2-8940-427B5F7F93AC}.Debug|Any CPU.ActiveCfg = Debug|Any CPU
		{E18BB4A0-AC41-48F2-8940-427B5F7F93AC}.Debug|Any CPU.Build.0 = Debug|Any CPU
		{E18BB4A0-AC41-48F2-8940-427B5F7F93AC}.Release|Any CPU.ActiveCfg = Release|Any CPU
		{E18BB4A0-AC41-48F2-8940-427B5F7F93AC}.Release|Any CPU.Build.0 = Release|Any CPU
		{37FD53F7-8A8F-4427-8FF4-6299E2933A7E}.Debug|Any CPU.ActiveCfg = Debug|Any CPU
		{37FD53F7-8A8F-4427-8FF4-6299E2933A7E}.Debug|Any CPU.Build.0 = Debug|Any CPU
		{37FD53F7-8A8F-4427-8FF4-6299E2933A7E}.Release|Any CPU.ActiveCfg = Release|Any CPU
		{37FD53F7-8A8F-4427-8FF4-6299E2933A7E}.Release|Any CPU.Build.0 = Release|Any CPU
		{B33B6A90-7CD7-4351-B32E-FC0102984180}.Debug|Any CPU.ActiveCfg = Debug|Any CPU
		{B33B6A90-7CD7-4351-B32E-FC0102984180}.Debug|Any CPU.Build.0 = Debug|Any CPU
		{B33B6A90-7CD7-4351-B32E-FC0102984180}.Release|Any CPU.ActiveCfg = Release|Any CPU
		{B33B6A90-7CD7-4351-B32E-FC0102984180}.Release|Any CPU.Build.0 = Release|Any CPU
		{9D610C25-94EE-4D2A-BB36-3AFB988B243E}.Debug|Any CPU.ActiveCfg = Debug|Any CPU
		{9D610C25-94EE-4D2A-BB36-3AFB988B243E}.Debug|Any CPU.Build.0 = Debug|Any CPU
		{9D610C25-94EE-4D2A-BB36-3AFB988B243E}.Release|Any CPU.ActiveCfg = Release|Any CPU
		{9D610C25-94EE-4D2A-BB36-3AFB988B243E}.Release|Any CPU.Build.0 = Release|Any CPU
		{194EC2B7-C208-46E6-A45B-B0B4F41234B7}.Debug|Any CPU.ActiveCfg = Debug|Any CPU
		{194EC2B7-C208-46E6-A45B-B0B4F41234B7}.Debug|Any CPU.Build.0 = Debug|Any CPU
		{194EC2B7-C208-46E6-A45B-B0B4F41234B7}.Release|Any CPU.ActiveCfg = Release|Any CPU
		{194EC2B7-C208-46E6-A45B-B0B4F41234B7}.Release|Any CPU.Build.0 = Release|Any CPU
		{387C59A9-953D-4260-AD9A-105834D6876F}.Debug|Any CPU.ActiveCfg = Debug|Any CPU
		{387C59A9-953D-4260-AD9A-105834D6876F}.Debug|Any CPU.Build.0 = Debug|Any CPU
		{387C59A9-953D-4260-AD9A-105834D6876F}.Release|Any CPU.ActiveCfg = Release|Any CPU
		{387C59A9-953D-4260-AD9A-105834D6876F}.Release|Any CPU.Build.0 = Release|Any CPU
	EndGlobalSection
	GlobalSection(SolutionProperties) = preSolution
		HideSolutionNode = FALSE
	EndGlobalSection
	GlobalSection(NestedProjects) = preSolution
		{E18BB4A0-AC41-48F2-8940-427B5F7F93AC} = {7CA1A390-CF80-4277-8A2B-80C8FC069517}
		{37FD53F7-8A8F-4427-8FF4-6299E2933A7E} = {D1B29789-6386-4C11-8E17-1B4246972CD4}
		{B33B6A90-7CD7-4351-B32E-FC0102984180} = {D1B29789-6386-4C11-8E17-1B4246972CD4}
		{9D610C25-94EE-4D2A-BB36-3AFB988B243E} = {D1B29789-6386-4C11-8E17-1B4246972CD4}
		{194EC2B7-C208-46E6-A45B-B0B4F41234B7} = {D1B29789-6386-4C11-8E17-1B4246972CD4}
		{387C59A9-953D-4260-AD9A-105834D6876F} = {7CA1A390-CF80-4277-8A2B-80C8FC069517}
	EndGlobalSection
	GlobalSection(ExtensibilityGlobals) = postSolution
		SolutionGuid = {DEAD2016-E3EF-438C-84F0-C0C8ED314DA9}
	EndGlobalSection
EndGlobal
