<Solution>
  <Folder Name="/DaramRenamer/">
    <File Path="LICENSE.md" />
    <File Path="README.md" />
    <Project Path="DaramRenamer.Base/DaramRenamer.Base.csproj" />
    <Project Path="DaramRenamer.Generators/DaramRenamer.Generators.csproj" />
    <Project Path="DaramRenamer.Avalonia/DaramRenamer.Avalonia.csproj" />
    <Project Path="DaramRenamer.Windows/DaramRenamer.Windows.csproj" />
  </Folder>
  <Folder Name="/Test/">
    <Project Path="DaramRenamer.Test/DaramRenamer.Test.csproj" />
  </Folder>
</Solution>
